
Microsoft Visual Studio Solution File, Format Version 12.00
# Visual Studio 15
VisualStudioVersion = 15.0.28307.779
MinimumVisualStudioVersion = 10.0.40219.1
Project("{262852C6-CD72-467D-83FE-5EEB1973A190}") = "UWP Shell", "UWP Shell.jsproj", "{FF139DF3-13B7-44ED-9348-B0DDE057873E}"
EndProject
Global
	GlobalSection(SolutionConfigurationPlatforms) = preSolution
		Debug|Any CPU = Debug|Any CPU
		Debug|ARM = Debug|ARM
		Debug|ARM64 = Debug|ARM64
		Debug|x64 = Debug|x64
		Debug|x86 = Debug|x86
		Release|Any CPU = Release|Any CPU
		Release|ARM = Release|ARM
		Release|ARM64 = Release|ARM64
		Release|x64 = Release|x64
		Release|x86 = Release|x86
	EndGlobalSection
	GlobalSection(ProjectConfigurationPlatforms) = postSolution
		{FF139DF3-13B7-44ED-9348-B0DDE057873E}.Debug|Any CPU.ActiveCfg = Debug|Any CPU
		{FF139DF3-13B7-44ED-9348-B0DDE057873E}.Debug|Any CPU.Build.0 = Debug|Any CPU
		{FF139DF3-13B7-44ED-9348-B0DDE057873E}.Debug|Any CPU.Deploy.0 = Debug|Any CPU
		{FF139DF3-13B7-44ED-9348-B0DDE057873E}.Debug|ARM.ActiveCfg = Debug|ARM
		{FF139DF3-13B7-44ED-9348-B0DDE057873E}.Debug|ARM.Build.0 = Debug|ARM
		{FF139DF3-13B7-44ED-9348-B0DDE057873E}.Debug|ARM.Deploy.0 = Debug|ARM
		{FF139DF3-13B7-44ED-9348-B0DDE057873E}.Debug|ARM64.ActiveCfg = Debug|ARM64
		{FF139DF3-13B7-44ED-9348-B0DDE057873E}.Debug|ARM64.Build.0 = Debug|ARM64
		{FF139DF3-13B7-44ED-9348-B0DDE057873E}.Debug|ARM64.Deploy.0 = Debug|ARM64
		{FF139DF3-13B7-44ED-9348-B0DDE057873E}.Debug|x64.ActiveCfg = Debug|x64
		{FF139DF3-13B7-44ED-9348-B0DDE057873E}.Debug|x64.Build.0 = Debug|x64
		{FF139DF3-13B7-44ED-9348-B0DDE057873E}.Debug|x64.Deploy.0 = Debug|x64
		{FF139DF3-13B7-44ED-9348-B0DDE057873E}.Debug|x86.ActiveCfg = Debug|x86
		{FF139DF3-13B7-44ED-9348-B0DDE057873E}.Debug|x86.Build.0 = Debug|x86
		{FF139DF3-13B7-44ED-9348-B0DDE057873E}.Debug|x86.Deploy.0 = Debug|x86
		{FF139DF3-13B7-44ED-9348-B0DDE057873E}.Release|Any CPU.ActiveCfg = Release|Any CPU
		{FF139DF3-13B7-44ED-9348-B0DDE057873E}.Release|Any CPU.Build.0 = Release|Any CPU
		{FF139DF3-13B7-44ED-9348-B0DDE057873E}.Release|Any CPU.Deploy.0 = Release|Any CPU
		{FF139DF3-13B7-44ED-9348-B0DDE057873E}.Release|ARM.ActiveCfg = Release|ARM
		{FF139DF3-13B7-44ED-9348-B0DDE057873E}.Release|ARM.Build.0 = Release|ARM
		{FF139DF3-13B7-44ED-9348-B0DDE057873E}.Release|ARM.Deploy.0 = Release|ARM
		{FF139DF3-13B7-44ED-9348-B0DDE057873E}.Release|ARM64.ActiveCfg = Release|ARM64
		{FF139DF3-13B7-44ED-9348-B0DDE057873E}.Release|ARM64.Build.0 = Release|ARM64
		{FF139DF3-13B7-44ED-9348-B0DDE057873E}.Release|ARM64.Deploy.0 = Release|ARM64
		{FF139DF3-13B7-44ED-9348-B0DDE057873E}.Release|x64.ActiveCfg = Release|x64
		{FF139DF3-13B7-44ED-9348-B0DDE057873E}.Release|x64.Build.0 = Release|x64
		{FF139DF3-13B7-44ED-9348-B0DDE057873E}.Release|x64.Deploy.0 = Release|x64
		{FF139DF3-13B7-44ED-9348-B0DDE057873E}.Release|x86.ActiveCfg = Release|x86
		{FF139DF3-13B7-44ED-9348-B0DDE057873E}.Release|x86.Build.0 = Release|x86
		{FF139DF3-13B7-44ED-9348-B0DDE057873E}.Release|x86.Deploy.0 = Release|x86
	EndGlobalSection
	GlobalSection(SolutionProperties) = preSolution
		HideSolutionNode = FALSE
	EndGlobalSection
	GlobalSection(ExtensibilityGlobals) = postSolution
		SolutionGuid = {67D47DF5-0982-4185-971E-43A830FB9E41}
	EndGlobalSection
EndGlobal
